// !$*UTF8*$!
{
	archiveVersion = 1;
	classes = {
	};
	objectVersion = 46;
	objects = {

/* Begin PBXBuildFile section */
		9CEAD3A670BB8B114ADEBCE0 /* Pods_chat_test_iosTests.framework in Frameworks */ = {isa = PBXBuildFile; fileRef = 8ECB11A2F8D3CF41C41BA908 /* Pods_chat_test_iosTests.framework */; };
		AAD56B1D7A3A7651357DFA03 /* Pods_chat_test_iosUITests.framework in Frameworks */ = {isa = PBXBuildFile; fileRef = 6678DC845A1ABCAF1E2B4E24 /* Pods_chat_test_iosUITests.framework */; };
		BB5038A8A063AD129DDA62F5 /* Pods_chat_test_ios.framework in Frameworks */ = {isa = PBXBuildFile; fileRef = D44D9181A8CD810B39D39314 /* Pods_chat_test_ios.framework */; };
		ED6B42AD1DA86D8500890EC9 /* CustomTableViewController.swift in Sources */ = {isa = PBXBuildFile; fileRef = ED6B42AC1DA86D8500890EC9 /* CustomTableViewController.swift */; };
		ED6B42AF1DA86D9C00890EC9 /* CustomTableViewCell.swift in Sources */ = {isa = PBXBuildFile; fileRef = ED6B42AE1DA86D9C00890EC9 /* CustomTableViewCell.swift */; };
		ED6B42B21DA8902300890EC9 /* RoomAll.swift in Sources */ = {isa = PBXBuildFile; fileRef = ED6B42B11DA8902300890EC9 /* RoomAll.swift */; };
		ED9057AA1DA799DC007A0431 /* AppDelegate.swift in Sources */ = {isa = PBXBuildFile; fileRef = ED9057A91DA799DC007A0431 /* AppDelegate.swift */; };
		ED9057AC1DA799DC007A0431 /* ViewController.swift in Sources */ = {isa = PBXBuildFile; fileRef = ED9057AB1DA799DC007A0431 /* ViewController.swift */; };
		ED9057AF1DA799DC007A0431 /* Main.storyboard in Resources */ = {isa = PBXBuildFile; fileRef = ED9057AD1DA799DC007A0431 /* Main.storyboard */; };
		ED9057B11DA799DC007A0431 /* Assets.xcassets in Resources */ = {isa = PBXBuildFile; fileRef = ED9057B01DA799DC007A0431 /* Assets.xcassets */; };
		ED9057B41DA799DC007A0431 /* LaunchScreen.storyboard in Resources */ = {isa = PBXBuildFile; fileRef = ED9057B21DA799DC007A0431 /* LaunchScreen.storyboard */; };
		ED9057BF1DA799DC007A0431 /* chat_test_iosTests.swift in Sources */ = {isa = PBXBuildFile; fileRef = ED9057BE1DA799DC007A0431 /* chat_test_iosTests.swift */; };
		ED9057CA1DA799DC007A0431 /* chat_test_iosUITests.swift in Sources */ = {isa = PBXBuildFile; fileRef = ED9057C91DA799DC007A0431 /* chat_test_iosUITests.swift */; };
		EDCDB98D1DAB73DD0070BFCC /* RoomCreateViewController.swift in Sources */ = {isa = PBXBuildFile; fileRef = EDCDB98C1DAB73DD0070BFCC /* RoomCreateViewController.swift */; };
		EDCDB98F1DAB7B100070BFCC /* RoomCreate.swift in Sources */ = {isa = PBXBuildFile; fileRef = EDCDB98E1DAB7B100070BFCC /* RoomCreate.swift */; };
/* End PBXBuildFile section */

/* Begin PBXContainerItemProxy section */
		ED9057BB1DA799DC007A0431 /* PBXContainerItemProxy */ = {
			isa = PBXContainerItemProxy;
			containerPortal = ED90579E1DA799DC007A0431 /* Project object */;
			proxyType = 1;
			remoteGlobalIDString = ED9057A51DA799DC007A0431;
			remoteInfo = chat_test_ios;
		};
		ED9057C61DA799DC007A0431 /* PBXContainerItemProxy */ = {
			isa = PBXContainerItemProxy;
			containerPortal = ED90579E1DA799DC007A0431 /* Project object */;
			proxyType = 1;
			remoteGlobalIDString = ED9057A51DA799DC007A0431;
			remoteInfo = chat_test_ios;
		};
/* End PBXContainerItemProxy section */

/* Begin PBXFileReference section */
		1014B6556DA934CFDFBB8A04 /* Pods-chat_test_iosTests.debug.xcconfig */ = {isa = PBXFileReference; includeInIndex = 1; lastKnownFileType = text.xcconfig; name = "Pods-chat_test_iosTests.debug.xcconfig"; path = "Pods/Target Support Files/Pods-chat_test_iosTests/Pods-chat_test_iosTests.debug.xcconfig"; sourceTree = "<group>"; };
		3F3F4E641B2B565C31D498CA /* Pods-chat_test_ios.release.xcconfig */ = {isa = PBXFileReference; includeInIndex = 1; lastKnownFileType = text.xcconfig; name = "Pods-chat_test_ios.release.xcconfig"; path = "Pods/Target Support Files/Pods-chat_test_ios/Pods-chat_test_ios.release.xcconfig"; sourceTree = "<group>"; };
		47C3170646AA97426F27B672 /* Pods-chat_test_iosUITests.release.xcconfig */ = {isa = PBXFileReference; includeInIndex = 1; lastKnownFileType = text.xcconfig; name = "Pods-chat_test_iosUITests.release.xcconfig"; path = "Pods/Target Support Files/Pods-chat_test_iosUITests/Pods-chat_test_iosUITests.release.xcconfig"; sourceTree = "<group>"; };
		6678DC845A1ABCAF1E2B4E24 /* Pods_chat_test_iosUITests.framework */ = {isa = PBXFileReference; explicitFileType = wrapper.framework; includeInIndex = 0; path = Pods_chat_test_iosUITests.framework; sourceTree = BUILT_PRODUCTS_DIR; };
		8ECB11A2F8D3CF41C41BA908 /* Pods_chat_test_iosTests.framework */ = {isa = PBXFileReference; explicitFileType = wrapper.framework; includeInIndex = 0; path = Pods_chat_test_iosTests.framework; sourceTree = BUILT_PRODUCTS_DIR; };
		99D41340B393879A10529809 /* Pods-chat_test_iosUITests.debug.xcconfig */ = {isa = PBXFileReference; includeInIndex = 1; lastKnownFileType = text.xcconfig; name = "Pods-chat_test_iosUITests.debug.xcconfig"; path = "Pods/Target Support Files/Pods-chat_test_iosUITests/Pods-chat_test_iosUITests.debug.xcconfig"; sourceTree = "<group>"; };
		D419873F752AA422F9AE7BC6 /* Pods-chat_test_iosTests.release.xcconfig */ = {isa = PBXFileReference; includeInIndex = 1; lastKnownFileType = text.xcconfig; name = "Pods-chat_test_iosTests.release.xcconfig"; path = "Pods/Target Support Files/Pods-chat_test_iosTests/Pods-chat_test_iosTests.release.xcconfig"; sourceTree = "<group>"; };
		D44D9181A8CD810B39D39314 /* Pods_chat_test_ios.framework */ = {isa = PBXFileReference; explicitFileType = wrapper.framework; includeInIndex = 0; path = Pods_chat_test_ios.framework; sourceTree = BUILT_PRODUCTS_DIR; };
		E228C44ED9AA598D5CD84309 /* Pods-chat_test_ios.debug.xcconfig */ = {isa = PBXFileReference; includeInIndex = 1; lastKnownFileType = text.xcconfig; name = "Pods-chat_test_ios.debug.xcconfig"; path = "Pods/Target Support Files/Pods-chat_test_ios/Pods-chat_test_ios.debug.xcconfig"; sourceTree = "<group>"; };
		ED6B42AC1DA86D8500890EC9 /* CustomTableViewController.swift */ = {isa = PBXFileReference; fileEncoding = 4; lastKnownFileType = sourcecode.swift; path = CustomTableViewController.swift; sourceTree = "<group>"; };
		ED6B42AE1DA86D9C00890EC9 /* CustomTableViewCell.swift */ = {isa = PBXFileReference; fileEncoding = 4; lastKnownFileType = sourcecode.swift; path = CustomTableViewCell.swift; sourceTree = "<group>"; };
		ED6B42B11DA8902300890EC9 /* RoomAll.swift */ = {isa = PBXFileReference; fileEncoding = 4; lastKnownFileType = sourcecode.swift; path = RoomAll.swift; sourceTree = "<group>"; };
		ED9057A61DA799DC007A0431 /* chat_test_ios.app */ = {isa = PBXFileReference; explicitFileType = wrapper.application; includeInIndex = 0; path = chat_test_ios.app; sourceTree = BUILT_PRODUCTS_DIR; };
		ED9057A91DA799DC007A0431 /* AppDelegate.swift */ = {isa = PBXFileReference; lastKnownFileType = sourcecode.swift; path = AppDelegate.swift; sourceTree = "<group>"; };
		ED9057AB1DA799DC007A0431 /* ViewController.swift */ = {isa = PBXFileReference; lastKnownFileType = sourcecode.swift; path = ViewController.swift; sourceTree = "<group>"; };
		ED9057AE1DA799DC007A0431 /* Base */ = {isa = PBXFileReference; lastKnownFileType = file.storyboard; name = Base; path = Base.lproj/Main.storyboard; sourceTree = "<group>"; };
		ED9057B01DA799DC007A0431 /* Assets.xcassets */ = {isa = PBXFileReference; lastKnownFileType = folder.assetcatalog; path = Assets.xcassets; sourceTree = "<group>"; };
		ED9057B31DA799DC007A0431 /* Base */ = {isa = PBXFileReference; lastKnownFileType = file.storyboard; name = Base; path = Base.lproj/LaunchScreen.storyboard; sourceTree = "<group>"; };
		ED9057B51DA799DC007A0431 /* Info.plist */ = {isa = PBXFileReference; lastKnownFileType = text.plist.xml; path = Info.plist; sourceTree = "<group>"; };
		ED9057BA1DA799DC007A0431 /* chat_test_iosTests.xctest */ = {isa = PBXFileReference; explicitFileType = wrapper.cfbundle; includeInIndex = 0; path = chat_test_iosTests.xctest; sourceTree = BUILT_PRODUCTS_DIR; };
		ED9057BE1DA799DC007A0431 /* chat_test_iosTests.swift */ = {isa = PBXFileReference; lastKnownFileType = sourcecode.swift; path = chat_test_iosTests.swift; sourceTree = "<group>"; };
		ED9057C01DA799DC007A0431 /* Info.plist */ = {isa = PBXFileReference; lastKnownFileType = text.plist.xml; path = Info.plist; sourceTree = "<group>"; };
		ED9057C51DA799DC007A0431 /* chat_test_iosUITests.xctest */ = {isa = PBXFileReference; explicitFileType = wrapper.cfbundle; includeInIndex = 0; path = chat_test_iosUITests.xctest; sourceTree = BUILT_PRODUCTS_DIR; };
		ED9057C91DA799DC007A0431 /* chat_test_iosUITests.swift */ = {isa = PBXFileReference; lastKnownFileType = sourcecode.swift; path = chat_test_iosUITests.swift; sourceTree = "<group>"; };
		ED9057CB1DA799DC007A0431 /* Info.plist */ = {isa = PBXFileReference; lastKnownFileType = text.plist.xml; path = Info.plist; sourceTree = "<group>"; };
		EDCDB98C1DAB73DD0070BFCC /* RoomCreateViewController.swift */ = {isa = PBXFileReference; fileEncoding = 4; lastKnownFileType = sourcecode.swift; path = RoomCreateViewController.swift; sourceTree = "<group>"; };
		EDCDB98E1DAB7B100070BFCC /* RoomCreate.swift */ = {isa = PBXFileReference; fileEncoding = 4; lastKnownFileType = sourcecode.swift; path = RoomCreate.swift; sourceTree = "<group>"; };
/* End PBXFileReference section */

/* Begin PBXFrameworksBuildPhase section */
		ED9057A31DA799DC007A0431 /* Frameworks */ = {
			isa = PBXFrameworksBuildPhase;
			buildActionMask = 2147483647;
			files = (
				BB5038A8A063AD129DDA62F5 /* Pods_chat_test_ios.framework in Frameworks */,
			);
			runOnlyForDeploymentPostprocessing = 0;
		};
		ED9057B71DA799DC007A0431 /* Frameworks */ = {
			isa = PBXFrameworksBuildPhase;
			buildActionMask = 2147483647;
			files = (
				9CEAD3A670BB8B114ADEBCE0 /* Pods_chat_test_iosTests.framework in Frameworks */,
			);
			runOnlyForDeploymentPostprocessing = 0;
		};
		ED9057C21DA799DC007A0431 /* Frameworks */ = {
			isa = PBXFrameworksBuildPhase;
			buildActionMask = 2147483647;
			files = (
				AAD56B1D7A3A7651357DFA03 /* Pods_chat_test_iosUITests.framework in Frameworks */,
			);
			runOnlyForDeploymentPostprocessing = 0;
		};
/* End PBXFrameworksBuildPhase section */

/* Begin PBXGroup section */
		54E46D47E666783416EC2369 /* Frameworks */ = {
			isa = PBXGroup;
			children = (
				D44D9181A8CD810B39D39314 /* Pods_chat_test_ios.framework */,
				8ECB11A2F8D3CF41C41BA908 /* Pods_chat_test_iosTests.framework */,
				6678DC845A1ABCAF1E2B4E24 /* Pods_chat_test_iosUITests.framework */,
			);
			name = Frameworks;
			sourceTree = "<group>";
		};
		9660E516B44AC7EE5753A195 /* Pods */ = {
			isa = PBXGroup;
			children = (
				E228C44ED9AA598D5CD84309 /* Pods-chat_test_ios.debug.xcconfig */,
				3F3F4E641B2B565C31D498CA /* Pods-chat_test_ios.release.xcconfig */,
				1014B6556DA934CFDFBB8A04 /* Pods-chat_test_iosTests.debug.xcconfig */,
				D419873F752AA422F9AE7BC6 /* Pods-chat_test_iosTests.release.xcconfig */,
				99D41340B393879A10529809 /* Pods-chat_test_iosUITests.debug.xcconfig */,
				47C3170646AA97426F27B672 /* Pods-chat_test_iosUITests.release.xcconfig */,
			);
			name = Pods;
			sourceTree = "<group>";
		};
		ED6B42B01DA88FBC00890EC9 /* Model */ = {
			isa = PBXGroup;
			children = (
				EDCDB98E1DAB7B100070BFCC /* RoomCreate.swift */,
				ED6B42B11DA8902300890EC9 /* RoomAll.swift */,
			);
			name = Model;
			sourceTree = "<group>";
		};
		ED90579D1DA799DC007A0431 = {
			isa = PBXGroup;
			children = (
				ED9057A81DA799DC007A0431 /* chat_test_ios */,
				ED9057BD1DA799DC007A0431 /* chat_test_iosTests */,
				ED9057C81DA799DC007A0431 /* chat_test_iosUITests */,
				ED9057A71DA799DC007A0431 /* Products */,
				9660E516B44AC7EE5753A195 /* Pods */,
				54E46D47E666783416EC2369 /* Frameworks */,
			);
			sourceTree = "<group>";
		};
		ED9057A71DA799DC007A0431 /* Products */ = {
			isa = PBXGroup;
			children = (
				ED9057A61DA799DC007A0431 /* chat_test_ios.app */,
				ED9057BA1DA799DC007A0431 /* chat_test_iosTests.xctest */,
				ED9057C51DA799DC007A0431 /* chat_test_iosUITests.xctest */,
			);
			name = Products;
			sourceTree = "<group>";
		};
		ED9057A81DA799DC007A0431 /* chat_test_ios */ = {
			isa = PBXGroup;
			children = (
				EDCDB98C1DAB73DD0070BFCC /* RoomCreateViewController.swift */,
				ED6B42B01DA88FBC00890EC9 /* Model */,
				ED9057A91DA799DC007A0431 /* AppDelegate.swift */,
				ED9057AB1DA799DC007A0431 /* ViewController.swift */,
				ED9057AD1DA799DC007A0431 /* Main.storyboard */,
				ED6B42AC1DA86D8500890EC9 /* CustomTableViewController.swift */,
				ED6B42AE1DA86D9C00890EC9 /* CustomTableViewCell.swift */,
				ED9057B01DA799DC007A0431 /* Assets.xcassets */,
				ED9057B21DA799DC007A0431 /* LaunchScreen.storyboard */,
				ED9057B51DA799DC007A0431 /* Info.plist */,
			);
			path = chat_test_ios;
			sourceTree = "<group>";
		};
		ED9057BD1DA799DC007A0431 /* chat_test_iosTests */ = {
			isa = PBXGroup;
			children = (
				ED9057BE1DA799DC007A0431 /* chat_test_iosTests.swift */,
				ED9057C01DA799DC007A0431 /* Info.plist */,
			);
			path = chat_test_iosTests;
			sourceTree = "<group>";
		};
		ED9057C81DA799DC007A0431 /* chat_test_iosUITests */ = {
			isa = PBXGroup;
			children = (
				ED9057C91DA799DC007A0431 /* chat_test_iosUITests.swift */,
				ED9057CB1DA799DC007A0431 /* Info.plist */,
			);
			path = chat_test_iosUITests;
			sourceTree = "<group>";
		};
/* End PBXGroup section */

/* Begin PBXNativeTarget section */
		ED9057A51DA799DC007A0431 /* chat_test_ios */ = {
			isa = PBXNativeTarget;
			buildConfigurationList = ED9057CE1DA799DC007A0431 /* Build configuration list for PBXNativeTarget "chat_test_ios" */;
			buildPhases = (
				B8796A8D73852C584CC449C1 /* [CP] Check Pods Manifest.lock */,
				ED9057A21DA799DC007A0431 /* Sources */,
				ED9057A31DA799DC007A0431 /* Frameworks */,
				ED9057A41DA799DC007A0431 /* Resources */,
				8D9C332C8E108EDAD30D556C /* [CP] Embed Pods Frameworks */,
				796AB69DD92E3DB7A463D1A9 /* [CP] Copy Pods Resources */,
			);
			buildRules = (
			);
			dependencies = (
			);
			name = chat_test_ios;
			productName = chat_test_ios;
			productReference = ED9057A61DA799DC007A0431 /* chat_test_ios.app */;
			productType = "com.apple.product-type.application";
		};
		ED9057B91DA799DC007A0431 /* chat_test_iosTests */ = {
			isa = PBXNativeTarget;
			buildConfigurationList = ED9057D11DA799DC007A0431 /* Build configuration list for PBXNativeTarget "chat_test_iosTests" */;
			buildPhases = (
				BEF13693647B6F21098668EA /* [CP] Check Pods Manifest.lock */,
				ED9057B61DA799DC007A0431 /* Sources */,
				ED9057B71DA799DC007A0431 /* Frameworks */,
				ED9057B81DA799DC007A0431 /* Resources */,
				27903A0606E2466168FA9243 /* [CP] Embed Pods Frameworks */,
				7BA594ED91C4115898630AF9 /* [CP] Copy Pods Resources */,
			);
			buildRules = (
			);
			dependencies = (
				ED9057BC1DA799DC007A0431 /* PBXTargetDependency */,
			);
			name = chat_test_iosTests;
			productName = chat_test_iosTests;
			productReference = ED9057BA1DA799DC007A0431 /* chat_test_iosTests.xctest */;
			productType = "com.apple.product-type.bundle.unit-test";
		};
		ED9057C41DA799DC007A0431 /* chat_test_iosUITests */ = {
			isa = PBXNativeTarget;
			buildConfigurationList = ED9057D41DA799DC007A0431 /* Build configuration list for PBXNativeTarget "chat_test_iosUITests" */;
			buildPhases = (
				22C8FE492AFC13D8314AB787 /* [CP] Check Pods Manifest.lock */,
				ED9057C11DA799DC007A0431 /* Sources */,
				ED9057C21DA799DC007A0431 /* Frameworks */,
				ED9057C31DA799DC007A0431 /* Resources */,
				A827AB6E50E88D22D26DE825 /* [CP] Copy Pods Resources */,
				123618EF8D794790B2A142CB /* [CP] Embed Pods Frameworks */,
			);
			buildRules = (
			);
			dependencies = (
				ED9057C71DA799DC007A0431 /* PBXTargetDependency */,
			);
			name = chat_test_iosUITests;
			productName = chat_test_iosUITests;
			productReference = ED9057C51DA799DC007A0431 /* chat_test_iosUITests.xctest */;
			productType = "com.apple.product-type.bundle.ui-testing";
		};
/* End PBXNativeTarget section */

/* Begin PBXProject section */
		ED90579E1DA799DC007A0431 /* Project object */ = {
			isa = PBXProject;
			attributes = {
				LastSwiftUpdateCheck = 0800;
				LastUpgradeCheck = 0800;
				ORGANIZATIONNAME = haya_channel;
				TargetAttributes = {
					ED9057A51DA799DC007A0431 = {
						CreatedOnToolsVersion = 8.0;
						ProvisioningStyle = Automatic;
					};
					ED9057B91DA799DC007A0431 = {
						CreatedOnToolsVersion = 8.0;
						ProvisioningStyle = Automatic;
						TestTargetID = ED9057A51DA799DC007A0431;
					};
					ED9057C41DA799DC007A0431 = {
						CreatedOnToolsVersion = 8.0;
						ProvisioningStyle = Automatic;
						TestTargetID = ED9057A51DA799DC007A0431;
					};
				};
			};
			buildConfigurationList = ED9057A11DA799DC007A0431 /* Build configuration list for PBXProject "chat_test_ios" */;
			compatibilityVersion = "Xcode 3.2";
			developmentRegion = English;
			hasScannedForEncodings = 0;
			knownRegions = (
				en,
				Base,
			);
			mainGroup = ED90579D1DA799DC007A0431;
			productRefGroup = ED9057A71DA799DC007A0431 /* Products */;
			projectDirPath = "";
			projectRoot = "";
			targets = (
				ED9057A51DA799DC007A0431 /* chat_test_ios */,
				ED9057B91DA799DC007A0431 /* chat_test_iosTests */,
				ED9057C41DA799DC007A0431 /* chat_test_iosUITests */,
			);
		};
/* End PBXProject section */

/* Begin PBXResourcesBuildPhase section */
		ED9057A41DA799DC007A0431 /* Resources */ = {
			isa = PBXResourcesBuildPhase;
			buildActionMask = 2147483647;
			files = (
				ED9057B41DA799DC007A0431 /* LaunchScreen.storyboard in Resources */,
				ED9057B11DA799DC007A0431 /* Assets.xcassets in Resources */,
				ED9057AF1DA799DC007A0431 /* Main.storyboard in Resources */,
			);
			runOnlyForDeploymentPostprocessing = 0;
		};
		ED9057B81DA799DC007A0431 /* Resources */ = {
			isa = PBXResourcesBuildPhase;
			buildActionMask = 2147483647;
			files = (
			);
			runOnlyForDeploymentPostprocessing = 0;
		};
		ED9057C31DA799DC007A0431 /* Resources */ = {
			isa = PBXResourcesBuildPhase;
			buildActionMask = 2147483647;
			files = (
			);
			runOnlyForDeploymentPostprocessing = 0;
		};
/* End PBXResourcesBuildPhase section */

/* Begin PBXShellScriptBuildPhase section */
		123618EF8D794790B2A142CB /* [CP] Embed Pods Frameworks */ = {
			isa = PBXShellScriptBuildPhase;
			buildActionMask = 2147483647;
			files = (
			);
			inputPaths = (
			);
			name = "[CP] Embed Pods Frameworks";
			outputPaths = (
			);
			runOnlyForDeploymentPostprocessing = 0;
			shellPath = /bin/sh;
			shellScript = "\"${SRCROOT}/Pods/Target Support Files/Pods-chat_test_iosUITests/Pods-chat_test_iosUITests-frameworks.sh\"\n";
			showEnvVarsInLog = 0;
		};
		22C8FE492AFC13D8314AB787 /* [CP] Check Pods Manifest.lock */ = {
			isa = PBXShellScriptBuildPhase;
			buildActionMask = 2147483647;
			files = (
			);
			inputPaths = (
			);
			name = "[CP] Check Pods Manifest.lock";
			outputPaths = (
			);
			runOnlyForDeploymentPostprocessing = 0;
			shellPath = /bin/sh;
			shellScript = "diff \"${PODS_ROOT}/../Podfile.lock\" \"${PODS_ROOT}/Manifest.lock\" > /dev/null\nif [ $? != 0 ] ; then\n    # print error to STDERR\n    echo \"error: The sandbox is not in sync with the Podfile.lock. Run 'pod install' or update your CocoaPods installation.\" >&2\n    exit 1\nfi\n";
			showEnvVarsInLog = 0;
		};
		27903A0606E2466168FA9243 /* [CP] Embed Pods Frameworks */ = {
			isa = PBXShellScriptBuildPhase;
			buildActionMask = 2147483647;
			files = (
			);
			inputPaths = (
			);
			name = "[CP] Embed Pods Frameworks";
			outputPaths = (
			);
			runOnlyForDeploymentPostprocessing = 0;
			shellPath = /bin/sh;
			shellScript = "\"${SRCROOT}/Pods/Target Support Files/Pods-chat_test_iosTests/Pods-chat_test_iosTests-frameworks.sh\"\n";
			showEnvVarsInLog = 0;
		};
		796AB69DD92E3DB7A463D1A9 /* [CP] Copy Pods Resources */ = {
			isa = PBXShellScriptBuildPhase;
			buildActionMask = 2147483647;
			files = (
			);
			inputPaths = (
			);
			name = "[CP] Copy Pods Resources";
			outputPaths = (
			);
			runOnlyForDeploymentPostprocessing = 0;
			shellPath = /bin/sh;
			shellScript = "\"${SRCROOT}/Pods/Target Support Files/Pods-chat_test_ios/Pods-chat_test_ios-resources.sh\"\n";
			showEnvVarsInLog = 0;
		};
		7BA594ED91C4115898630AF9 /* [CP] Copy Pods Resources */ = {
			isa = PBXShellScriptBuildPhase;
			buildActionMask = 2147483647;
			files = (
			);
			inputPaths = (
			);
			name = "[CP] Copy Pods Resources";
			outputPaths = (
			);
			runOnlyForDeploymentPostprocessing = 0;
			shellPath = /bin/sh;
			shellScript = "\"${SRCROOT}/Pods/Target Support Files/Pods-chat_test_iosTests/Pods-chat_test_iosTests-resources.sh\"\n";
			showEnvVarsInLog = 0;
		};
		8D9C332C8E108EDAD30D556C /* [CP] Embed Pods Frameworks */ = {
			isa = PBXShellScriptBuildPhase;
			buildActionMask = 2147483647;
			files = (
			);
			inputPaths = (
			);
			name = "[CP] Embed Pods Frameworks";
			outputPaths = (
			);
			runOnlyForDeploymentPostprocessing = 0;
			shellPath = /bin/sh;
			shellScript = "\"${SRCROOT}/Pods/Target Support Files/Pods-chat_test_ios/Pods-chat_test_ios-frameworks.sh\"\n";
			showEnvVarsInLog = 0;
		};
		A827AB6E50E88D22D26DE825 /* [CP] Copy Pods Resources */ = {
			isa = PBXShellScriptBuildPhase;
			buildActionMask = 2147483647;
			files = (
			);
			inputPaths = (
			);
			name = "[CP] Copy Pods Resources";
			outputPaths = (
			);
			runOnlyForDeploymentPostprocessing = 0;
			shellPath = /bin/sh;
			shellScript = "\"${SRCROOT}/Pods/Target Support Files/Pods-chat_test_iosUITests/Pods-chat_test_iosUITests-resources.sh\"\n";
			showEnvVarsInLog = 0;
		};
		B8796A8D73852C584CC449C1 /* [CP] Check Pods Manifest.lock */ = {
			isa = PBXShellScriptBuildPhase;
			buildActionMask = 2147483647;
			files = (
			);
			inputPaths = (
			);
			name = "[CP] Check Pods Manifest.lock";
			outputPaths = (
			);
			runOnlyForDeploymentPostprocessing = 0;
			shellPath = /bin/sh;
			shellScript = "diff \"${PODS_ROOT}/../Podfile.lock\" \"${PODS_ROOT}/Manifest.lock\" > /dev/null\nif [ $? != 0 ] ; then\n    # print error to STDERR\n    echo \"error: The sandbox is not in sync with the Podfile.lock. Run 'pod install' or update your CocoaPods installation.\" >&2\n    exit 1\nfi\n";
			showEnvVarsInLog = 0;
		};
		BEF13693647B6F21098668EA /* [CP] Check Pods Manifest.lock */ = {
			isa = PBXShellScriptBuildPhase;
			buildActionMask = 2147483647;
			files = (
			);
			inputPaths = (
			);
			name = "[CP] Check Pods Manifest.lock";
			outputPaths = (
			);
			runOnlyForDeploymentPostprocessing = 0;
			shellPath = /bin/sh;
			shellScript = "diff \"${PODS_ROOT}/../Podfile.lock\" \"${PODS_ROOT}/Manifest.lock\" > /dev/null\nif [ $? != 0 ] ; then\n    # print error to STDERR\n    echo \"error: The sandbox is not in sync with the Podfile.lock. Run 'pod install' or update your CocoaPods installation.\" >&2\n    exit 1\nfi\n";
			showEnvVarsInLog = 0;
		};
/* End PBXShellScriptBuildPhase section */

/* Begin PBXSourcesBuildPhase section */
		ED9057A21DA799DC007A0431 /* Sources */ = {
			isa = PBXSourcesBuildPhase;
			buildActionMask = 2147483647;
			files = (
				ED9057AC1DA799DC007A0431 /* ViewController.swift in Sources */,
				ED6B42AD1DA86D8500890EC9 /* CustomTableViewController.swift in Sources */,
				ED6B42AF1DA86D9C00890EC9 /* CustomTableViewCell.swift in Sources */,
				EDCDB98D1DAB73DD0070BFCC /* RoomCreateViewController.swift in Sources */,
				ED9057AA1DA799DC007A0431 /* AppDelegate.swift in Sources */,
				ED6B42B21DA8902300890EC9 /* RoomAll.swift in Sources */,
				EDCDB98F1DAB7B100070BFCC /* RoomCreate.swift in Sources */,
			);
			runOnlyForDeploymentPostprocessing = 0;
		};
		ED9057B61DA799DC007A0431 /* Sources */ = {
			isa = PBXSourcesBuildPhase;
			buildActionMask = 2147483647;
			files = (
				ED9057BF1DA799DC007A0431 /* chat_test_iosTests.swift in Sources */,
			);
			runOnlyForDeploymentPostprocessing = 0;
		};
		ED9057C11DA799DC007A0431 /* Sources */ = {
			isa = PBXSourcesBuildPhase;
			buildActionMask = 2147483647;
			files = (
				ED9057CA1DA799DC007A0431 /* chat_test_iosUITests.swift in Sources */,
			);
			runOnlyForDeploymentPostprocessing = 0;
		};
/* End PBXSourcesBuildPhase section */

/* Begin PBXTargetDependency section */
		ED9057BC1DA799DC007A0431 /* PBXTargetDependency */ = {
			isa = PBXTargetDependency;
			target = ED9057A51DA799DC007A0431 /* chat_test_ios */;
			targetProxy = ED9057BB1DA799DC007A0431 /* PBXContainerItemProxy */;
		};
		ED9057C71DA799DC007A0431 /* PBXTargetDependency */ = {
			isa = PBXTargetDependency;
			target = ED9057A51DA799DC007A0431 /* chat_test_ios */;
			targetProxy = ED9057C61DA799DC007A0431 /* PBXContainerItemProxy */;
		};
/* End PBXTargetDependency section */

/* Begin PBXVariantGroup section */
		ED9057AD1DA799DC007A0431 /* Main.storyboard */ = {
			isa = PBXVariantGroup;
			children = (
				ED9057AE1DA799DC007A0431 /* Base */,
			);
			name = Main.storyboard;
			sourceTree = "<group>";
		};
		ED9057B21DA799DC007A0431 /* LaunchScreen.storyboard */ = {
			isa = PBXVariantGroup;
			children = (
				ED9057B31DA799DC007A0431 /* Base */,
			);
			name = LaunchScreen.storyboard;
			sourceTree = "<group>";
		};
/* End PBXVariantGroup section */

/* Begin XCBuildConfiguration section */
		ED9057CC1DA799DC007A0431 /* Debug */ = {
			isa = XCBuildConfiguration;
			buildSettings = {
				ALWAYS_SEARCH_USER_PATHS = NO;
				CLANG_ANALYZER_NONNULL = YES;
				CLANG_CXX_LANGUAGE_STANDARD = "gnu++0x";
				CLANG_CXX_LIBRARY = "libc++";
				CLANG_ENABLE_MODULES = YES;
				CLANG_ENABLE_OBJC_ARC = YES;
				CLANG_WARN_BOOL_CONVERSION = YES;
				CLANG_WARN_CONSTANT_CONVERSION = YES;
				CLANG_WARN_DIRECT_OBJC_ISA_USAGE = YES_ERROR;
				CLANG_WARN_DOCUMENTATION_COMMENTS = YES;
				CLANG_WARN_EMPTY_BODY = YES;
				CLANG_WARN_ENUM_CONVERSION = YES;
				CLANG_WARN_INFINITE_RECURSION = YES;
				CLANG_WARN_INT_CONVERSION = YES;
				CLANG_WARN_OBJC_ROOT_CLASS = YES_ERROR;
				CLANG_WARN_SUSPICIOUS_MOVES = YES;
				CLANG_WARN_UNREACHABLE_CODE = YES;
				CLANG_WARN__DUPLICATE_METHOD_MATCH = YES;
				"CODE_SIGN_IDENTITY[sdk=iphoneos*]" = "iPhone Developer";
				COPY_PHASE_STRIP = NO;
				DEBUG_INFORMATION_FORMAT = dwarf;
				ENABLE_STRICT_OBJC_MSGSEND = YES;
				ENABLE_TESTABILITY = YES;
				GCC_C_LANGUAGE_STANDARD = gnu99;
				GCC_DYNAMIC_NO_PIC = NO;
				GCC_NO_COMMON_BLOCKS = YES;
				GCC_OPTIMIZATION_LEVEL = 0;
				GCC_PREPROCESSOR_DEFINITIONS = (
					"DEBUG=1",
					"$(inherited)",
				);
				GCC_WARN_64_TO_32_BIT_CONVERSION = YES;
				GCC_WARN_ABOUT_RETURN_TYPE = YES_ERROR;
				GCC_WARN_UNDECLARED_SELECTOR = YES;
				GCC_WARN_UNINITIALIZED_AUTOS = YES_AGGRESSIVE;
				GCC_WARN_UNUSED_FUNCTION = YES;
				GCC_WARN_UNUSED_VARIABLE = YES;
				IPHONEOS_DEPLOYMENT_TARGET = 10.0;
				MTL_ENABLE_DEBUG_INFO = YES;
				ONLY_ACTIVE_ARCH = YES;
				SDKROOT = iphoneos;
				SWIFT_ACTIVE_COMPILATION_CONDITIONS = DEBUG;
				SWIFT_OPTIMIZATION_LEVEL = "-Onone";
				TARGETED_DEVICE_FAMILY = "1,2";
			};
			name = Debug;
		};
		ED9057CD1DA799DC007A0431 /* Release */ = {
			isa = XCBuildConfiguration;
			buildSettings = {
				ALWAYS_SEARCH_USER_PATHS = NO;
				CLANG_ANALYZER_NONNULL = YES;
				CLANG_CXX_LANGUAGE_STANDARD = "gnu++0x";
				CLANG_CXX_LIBRARY = "libc++";
				CLANG_ENABLE_MODULES = YES;
				CLANG_ENABLE_OBJC_ARC = YES;
				CLANG_WARN_BOOL_CONVERSION = YES;
				CLANG_WARN_CONSTANT_CONVERSION = YES;
				CLANG_WARN_DIRECT_OBJC_ISA_USAGE = YES_ERROR;
				CLANG_WARN_DOCUMENTATION_COMMENTS = YES;
				CLANG_WARN_EMPTY_BODY = YES;
				CLANG_WARN_ENUM_CONVERSION = YES;
				CLANG_WARN_INFINITE_RECURSION = YES;
				CLANG_WARN_INT_CONVERSION = YES;
				CLANG_WARN_OBJC_ROOT_CLASS = YES_ERROR;
				CLANG_WARN_SUSPICIOUS_MOVES = YES;
				CLANG_WARN_UNREACHABLE_CODE = YES;
				CLANG_WARN__DUPLICATE_METHOD_MATCH = YES;
				"CODE_SIGN_IDENTITY[sdk=iphoneos*]" = "iPhone Developer";
				COPY_PHASE_STRIP = NO;
				DEBUG_INFORMATION_FORMAT = "dwarf-with-dsym";
				ENABLE_NS_ASSERTIONS = NO;
				ENABLE_STRICT_OBJC_MSGSEND = YES;
				GCC_C_LANGUAGE_STANDARD = gnu99;
				GCC_NO_COMMON_BLOCKS = YES;
				GCC_WARN_64_TO_32_BIT_CONVERSION = YES;
				GCC_WARN_ABOUT_RETURN_TYPE = YES_ERROR;
				GCC_WARN_UNDECLARED_SELECTOR = YES;
				GCC_WARN_UNINITIALIZED_AUTOS = YES_AGGRESSIVE;
				GCC_WARN_UNUSED_FUNCTION = YES;
				GCC_WARN_UNUSED_VARIABLE = YES;
				IPHONEOS_DEPLOYMENT_TARGET = 10.0;
				MTL_ENABLE_DEBUG_INFO = NO;
				SDKROOT = iphoneos;
				SWIFT_OPTIMIZATION_LEVEL = "-Owholemodule";
				TARGETED_DEVICE_FAMILY = "1,2";
				VALIDATE_PRODUCT = YES;
			};
			name = Release;
		};
		ED9057CF1DA799DC007A0431 /* Debug */ = {
			isa = XCBuildConfiguration;
			baseConfigurationReference = E228C44ED9AA598D5CD84309 /* Pods-chat_test_ios.debug.xcconfig */;
			buildSettings = {
				ASSETCATALOG_COMPILER_APPICON_NAME = AppIcon;
				INFOPLIST_FILE = chat_test_ios/Info.plist;
				LD_RUNPATH_SEARCH_PATHS = "$(inherited) @executable_path/Frameworks";
				PRODUCT_BUNDLE_IDENTIFIER = "haya-channel.chat-test-ios";
				PRODUCT_NAME = "$(TARGET_NAME)";
				SWIFT_VERSION = 3.0;
			};
			name = Debug;
		};
		ED9057D01DA799DC007A0431 /* Release */ = {
			isa = XCBuildConfiguration;
			baseConfigurationReference = 3F3F4E641B2B565C31D498CA /* Pods-chat_test_ios.release.xcconfig */;
			buildSettings = {
				ASSETCATALOG_COMPILER_APPICON_NAME = AppIcon;
				INFOPLIST_FILE = chat_test_ios/Info.plist;
				LD_RUNPATH_SEARCH_PATHS = "$(inherited) @executable_path/Frameworks";
				PRODUCT_BUNDLE_IDENTIFIER = "haya-channel.chat-test-ios";
				PRODUCT_NAME = "$(TARGET_NAME)";
				SWIFT_VERSION = 3.0;
			};
			name = Release;
		};
		ED9057D21DA799DC007A0431 /* Debug */ = {
			isa = XCBuildConfiguration;
			baseConfigurationReference = 1014B6556DA934CFDFBB8A04 /* Pods-chat_test_iosTests.debug.xcconfig */;
			buildSettings = {
				ALWAYS_EMBED_SWIFT_STANDARD_LIBRARIES = YES;
				BUNDLE_LOADER = "$(TEST_HOST)";
				INFOPLIST_FILE = chat_test_iosTests/Info.plist;
				LD_RUNPATH_SEARCH_PATHS = "$(inherited) @executable_path/Frameworks @loader_path/Frameworks";
				PRODUCT_BUNDLE_IDENTIFIER = "haya-channel.chat-test-iosTests";
				PRODUCT_NAME = "$(TARGET_NAME)";
				SWIFT_VERSION = 3.0;
				TEST_HOST = "$(BUILT_PRODUCTS_DIR)/chat_test_ios.app/chat_test_ios";
			};
			name = Debug;
		};
		ED9057D31DA799DC007A0431 /* Release */ = {
			isa = XCBuildConfiguration;
			baseConfigurationReference = D419873F752AA422F9AE7BC6 /* Pods-chat_test_iosTests.release.xcconfig */;
			buildSettings = {
				ALWAYS_EMBED_SWIFT_STANDARD_LIBRARIES = YES;
				BUNDLE_LOADER = "$(TEST_HOST)";
				INFOPLIST_FILE = chat_test_iosTests/Info.plist;
				LD_RUNPATH_SEARCH_PATHS = "$(inherited) @executable_path/Frameworks @loader_path/Frameworks";
				PRODUCT_BUNDLE_IDENTIFIER = "haya-channel.chat-test-iosTests";
				PRODUCT_NAME = "$(TARGET_NAME)";
				SWIFT_VERSION = 3.0;
				TEST_HOST = "$(BUILT_PRODUCTS_DIR)/chat_test_ios.app/chat_test_ios";
			};
			name = Release;
		};
		ED9057D51DA799DC007A0431 /* Debug */ = {
			isa = XCBuildConfiguration;
			baseConfigurationReference = 99D41340B393879A10529809 /* Pods-chat_test_iosUITests.debug.xcconfig */;
			buildSettings = {
				ALWAYS_EMBED_SWIFT_STANDARD_LIBRARIES = YES;
				INFOPLIST_FILE = chat_test_iosUITests/Info.plist;
				LD_RUNPATH_SEARCH_PATHS = "$(inherited) @executable_path/Frameworks @loader_path/Frameworks";
				PRODUCT_BUNDLE_IDENTIFIER = "haya-channel.chat-test-iosUITests";
				PRODUCT_NAME = "$(TARGET_NAME)";
				SWIFT_VERSION = 3.0;
				TEST_TARGET_NAME = chat_test_ios;
			};
			name = Debug;
		};
		ED9057D61DA799DC007A0431 /* Release */ = {
			isa = XCBuildConfiguration;
			baseConfigurationReference = 47C3170646AA97426F27B672 /* Pods-chat_test_iosUITests.release.xcconfig */;
			buildSettings = {
				ALWAYS_EMBED_SWIFT_STANDARD_LIBRARIES = YES;
				INFOPLIST_FILE = chat_test_iosUITests/Info.plist;
				LD_RUNPATH_SEARCH_PATHS = "$(inherited) @executable_path/Frameworks @loader_path/Frameworks";
				PRODUCT_BUNDLE_IDENTIFIER = "haya-channel.chat-test-iosUITests";
				PRODUCT_NAME = "$(TARGET_NAME)";
				SWIFT_VERSION = 3.0;
				TEST_TARGET_NAME = chat_test_ios;
			};
			name = Release;
		};
/* End XCBuildConfiguration section */

/* Begin XCConfigurationList section */
		ED9057A11DA799DC007A0431 /* Build configuration list for PBXProject "chat_test_ios" */ = {
			isa = XCConfigurationList;
			buildConfigurations = (
				ED9057CC1DA799DC007A0431 /* Debug */,
				ED9057CD1DA799DC007A0431 /* Release */,
			);
			defaultConfigurationIsVisible = 0;
			defaultConfigurationName = Release;
		};
		ED9057CE1DA799DC007A0431 /* Build configuration list for PBXNativeTarget "chat_test_ios" */ = {
			isa = XCConfigurationList;
			buildConfigurations = (
				ED9057CF1DA799DC007A0431 /* Debug */,
				ED9057D01DA799DC007A0431 /* Release */,
			);
			defaultConfigurationIsVisible = 0;
			defaultConfigurationName = Release;
		};
		ED9057D11DA799DC007A0431 /* Build configuration list for PBXNativeTarget "chat_test_iosTests" */ = {
			isa = XCConfigurationList;
			buildConfigurations = (
				ED9057D21DA799DC007A0431 /* Debug */,
				ED9057D31DA799DC007A0431 /* Release */,
			);
			defaultConfigurationIsVisible = 0;
			defaultConfigurationName = Release;
		};
		ED9057D41DA799DC007A0431 /* Build configuration list for PBXNativeTarget "chat_test_iosUITests" */ = {
			isa = XCConfigurationList;
			buildConfigurations = (
				ED9057D51DA799DC007A0431 /* Debug */,
				ED9057D61DA799DC007A0431 /* Release */,
			);
			defaultConfigurationIsVisible = 0;
			defaultConfigurationName = Release;
		};
/* End XCConfigurationList section */
	};
	rootObject = ED90579E1DA799DC007A0431 /* Project object */;
}
